
Microsoft Visual Studio Solution File, Format Version 12.00
# Visual Studio Version 17
VisualStudioVersion = 17.13.35913.81 d17.13
MinimumVisualStudioVersion = 10.0.40219.1
Project("{FAE04EC0-301F-11D3-BF4B-00C04F79EFBC}") = "QuickCapture", "QuickCapture.csproj", "{01438C87-F166-43B5-9250-A0EEE83860EB}"
EndProject
Global
	GlobalSection(SolutionConfigurationPlatforms) = preSolution
		Debug|ARM64 = Debug|ARM64
		Debug|x64 = Debug|x64
		Debug|x86 = Debug|x86
		Release|ARM64 = Release|ARM64
		Release|x64 = Release|x64
		Release|x86 = Release|x86
	EndGlobalSection
	GlobalSection(ProjectConfigurationPlatforms) = postSolution
		{01438C87-F166-43B5-9250-A0EEE83860EB}.Debug|ARM64.ActiveCfg = Debug|ARM64
		{01438C87-F166-43B5-9250-A0EEE83860EB}.Debug|ARM64.Build.0 = Debug|ARM64
		{01438C87-F166-43B5-9250-A0EEE83860EB}.Debug|ARM64.Deploy.0 = Debug|ARM64
		{01438C87-F166-43B5-9250-A0EEE83860EB}.Debug|x64.ActiveCfg = Debug|x64
		{01438C87-F166-43B5-9250-A0EEE83860EB}.Debug|x64.Build.0 = Debug|x64
		{01438C87-F166-43B5-9250-A0EEE83860EB}.Debug|x64.Deploy.0 = Debug|x64
		{01438C87-F166-43B5-9250-A0EEE83860EB}.Debug|x86.ActiveCfg = Debug|x86
		{01438C87-F166-43B5-9250-A0EEE83860EB}.Debug|x86.Build.0 = Debug|x86
		{01438C87-F166-43B5-9250-A0EEE83860EB}.Debug|x86.Deploy.0 = Debug|x86
		{01438C87-F166-43B5-9250-A0EEE83860EB}.Release|ARM64.ActiveCfg = Release|ARM64
		{01438C87-F166-43B5-9250-A0EEE83860EB}.Release|ARM64.Build.0 = Release|ARM64
		{01438C87-F166-43B5-9250-A0EEE83860EB}.Release|ARM64.Deploy.0 = Release|ARM64
		{01438C87-F166-43B5-9250-A0EEE83860EB}.Release|x64.ActiveCfg = Release|x64
		{01438C87-F166-43B5-9250-A0EEE83860EB}.Release|x64.Build.0 = Release|x64
		{01438C87-F166-43B5-9250-A0EEE83860EB}.Release|x64.Deploy.0 = Release|x64
		{01438C87-F166-43B5-9250-A0EEE83860EB}.Release|x86.ActiveCfg = Release|x86
		{01438C87-F166-43B5-9250-A0EEE83860EB}.Release|x86.Build.0 = Release|x86
		{01438C87-F166-43B5-9250-A0EEE83860EB}.Release|x86.Deploy.0 = Release|x86
	EndGlobalSection
	GlobalSection(SolutionProperties) = preSolution
		HideSolutionNode = FALSE
	EndGlobalSection
	GlobalSection(ExtensibilityGlobals) = postSolution
		SolutionGuid = {D86A904C-9298-4660-9827-F33026DA403D}
	EndGlobalSection
EndGlobal
